
Microsoft Visual Studio Solution File, Format Version 12.00
# Visual Studio Version 16
VisualStudioVersion = 16.0.30907.101
MinimumVisualStudioVersion = 10.0.40219.1
Project("{2150E333-8FDC-42A3-9474-1A3956D46DE8}") = "src", "src", "{2A06A57C-85B9-4E8E-993A-390226056336}"
EndProject
Project("{2150E333-8FDC-42A3-9474-1A3956D46DE8}") = "Services", "Services", "{A78A8223-01D9-4EEF-BCF0-0F7AA01EFEEB}"
EndProject
Project("{2150E333-8FDC-42A3-9474-1A3956D46DE8}") = "Web Apps", "Web Apps", "{5D7569A4-2CBA-4128-A5E8-04F4BB5BDAE8}"
EndProject
Project("{9A19103F-16F7-4668-BE54-9A1E7A4F7556}") = "WebMvc", "src\Web Apps\WebMvc\WebMvc.csproj", "{E9474FD1-720E-4CAB-ACAB-E9AAC3E364F4}"
EndProject
Project("{2150E333-8FDC-42A3-9474-1A3956D46DE8}") = "Simulation", "Simulation", "{45072D26-9802-446B-B67E-8CFF847A10B8}"
EndProject
Project("{9A19103F-16F7-4668-BE54-9A1E7A4F7556}") = "Booking.Simulation.API", "src\services\simulation\Booking.Simulation.API\Booking.Simulation.API.csproj", "{CC892F66-1C49-4BA9-9D7E-FCFE8AFAA9A4}"
EndProject
Project("{2150E333-8FDC-42A3-9474-1A3956D46DE8}") = "Booking", "Booking", "{90F8963C-C4A6-43DF-A12C-63458D3B2FAB}"
EndProject
Project("{9A19103F-16F7-4668-BE54-9A1E7A4F7556}") = "Booking.API", "src\services\booking\Booking.API\Booking.API.csproj", "{088A6C1A-68D5-46F7-9B86-DF699B799E18}"
EndProject
Project("{2150E333-8FDC-42A3-9474-1A3956D46DE8}") = "Vehicles", "Vehicles", "{2A17C5CB-716D-466B-B7F9-16879E9F1496}"
EndProject
Project("{9A19103F-16F7-4668-BE54-9A1E7A4F7556}") = "Vehicles.API", "src\services\vehicles\Vehicles.API\Vehicles.API.csproj", "{F964FDF2-2D5F-413F-8E0B-C232356B2284}"
EndProject
Project("{2150E333-8FDC-42A3-9474-1A3956D46DE8}") = "BuildingBlocks", "BuildingBlocks", "{11BA01C3-B643-4BEC-A21F-57947E3CAA3A}"
EndProject
Project("{2150E333-8FDC-42A3-9474-1A3956D46DE8}") = "EventBus", "EventBus", "{D126A8B1-5680-4A46-AE05-79C37AD3D02A}"
EndProject
Project("{9A19103F-16F7-4668-BE54-9A1E7A4F7556}") = "Sdk.EventBus", "src\BuildingBlocks\BuildingBlocks.EventBus\Sdk.EventBus.csproj", "{3E626086-33F2-4214-8315-0F60AC8113CD}"
EndProject
Project("{9A19103F-16F7-4668-BE54-9A1E7A4F7556}") = "Sdk.EventBusRabbitMQ", "src\BuildingBlocks\EventBus\BuildingBlocks.EventBusRabbitMQ\Sdk.EventBusRabbitMQ.csproj", "{CAB86A5E-4A3A-4E01-9135-210093F2926C}"
EndProject
Project("{FAE04EC0-301F-11D3-BF4B-00C04F79EFBC}") = "Sdk.EventLogEF", "src\BuildingBlocks\EventBus\Sdk.EventLogEF\Sdk.EventLogEF.csproj", "{CA569B10-7B93-4A8F-BA53-1A39C1FF9FAF}"
EndProject
Project("{2150E333-8FDC-42A3-9474-1A3956D46DE8}") = "img", "img", "{F19892FA-0BCF-4837-BE21-94B7EE79F8BA}"
	ProjectSection(SolutionItems) = preProject
		..\..\Users\137222\Downloads\booking vehicle.png = ..\..\Users\137222\Downloads\booking vehicle.png
		..\..\Users\137222\Downloads\Microsservicos.png = ..\..\Users\137222\Downloads\Microsservicos.png
	EndProjectSection
EndProject
Global
	GlobalSection(SolutionConfigurationPlatforms) = preSolution
		Debug|Any CPU = Debug|Any CPU
		Release|Any CPU = Release|Any CPU
	EndGlobalSection
	GlobalSection(ProjectConfigurationPlatforms) = postSolution
		{E9474FD1-720E-4CAB-ACAB-E9AAC3E364F4}.Debug|Any CPU.ActiveCfg = Debug|Any CPU
		{E9474FD1-720E-4CAB-ACAB-E9AAC3E364F4}.Debug|Any CPU.Build.0 = Debug|Any CPU
		{E9474FD1-720E-4CAB-ACAB-E9AAC3E364F4}.Release|Any CPU.ActiveCfg = Release|Any CPU
		{E9474FD1-720E-4CAB-ACAB-E9AAC3E364F4}.Release|Any CPU.Build.0 = Release|Any CPU
		{CC892F66-1C49-4BA9-9D7E-FCFE8AFAA9A4}.Debug|Any CPU.ActiveCfg = Debug|Any CPU
		{CC892F66-1C49-4BA9-9D7E-FCFE8AFAA9A4}.Debug|Any CPU.Build.0 = Debug|Any CPU
		{CC892F66-1C49-4BA9-9D7E-FCFE8AFAA9A4}.Release|Any CPU.ActiveCfg = Release|Any CPU
		{CC892F66-1C49-4BA9-9D7E-FCFE8AFAA9A4}.Release|Any CPU.Build.0 = Release|Any CPU
		{088A6C1A-68D5-46F7-9B86-DF699B799E18}.Debug|Any CPU.ActiveCfg = Debug|Any CPU
		{088A6C1A-68D5-46F7-9B86-DF699B799E18}.Debug|Any CPU.Build.0 = Debug|Any CPU
		{088A6C1A-68D5-46F7-9B86-DF699B799E18}.Release|Any CPU.ActiveCfg = Release|Any CPU
		{088A6C1A-68D5-46F7-9B86-DF699B799E18}.Release|Any CPU.Build.0 = Release|Any CPU
		{F964FDF2-2D5F-413F-8E0B-C232356B2284}.Debug|Any CPU.ActiveCfg = Debug|Any CPU
		{F964FDF2-2D5F-413F-8E0B-C232356B2284}.Debug|Any CPU.Build.0 = Debug|Any CPU
		{F964FDF2-2D5F-413F-8E0B-C232356B2284}.Release|Any CPU.ActiveCfg = Release|Any CPU
		{F964FDF2-2D5F-413F-8E0B-C232356B2284}.Release|Any CPU.Build.0 = Release|Any CPU
		{3E626086-33F2-4214-8315-0F60AC8113CD}.Debug|Any CPU.ActiveCfg = Debug|Any CPU
		{3E626086-33F2-4214-8315-0F60AC8113CD}.Debug|Any CPU.Build.0 = Debug|Any CPU
		{3E626086-33F2-4214-8315-0F60AC8113CD}.Release|Any CPU.ActiveCfg = Release|Any CPU
		{3E626086-33F2-4214-8315-0F60AC8113CD}.Release|Any CPU.Build.0 = Release|Any CPU
		{CAB86A5E-4A3A-4E01-9135-210093F2926C}.Debug|Any CPU.ActiveCfg = Debug|Any CPU
		{CAB86A5E-4A3A-4E01-9135-210093F2926C}.Debug|Any CPU.Build.0 = Debug|Any CPU
		{CAB86A5E-4A3A-4E01-9135-210093F2926C}.Release|Any CPU.ActiveCfg = Release|Any CPU
		{CAB86A5E-4A3A-4E01-9135-210093F2926C}.Release|Any CPU.Build.0 = Release|Any CPU
		{CA569B10-7B93-4A8F-BA53-1A39C1FF9FAF}.Debug|Any CPU.ActiveCfg = Debug|Any CPU
		{CA569B10-7B93-4A8F-BA53-1A39C1FF9FAF}.Debug|Any CPU.Build.0 = Debug|Any CPU
		{CA569B10-7B93-4A8F-BA53-1A39C1FF9FAF}.Release|Any CPU.ActiveCfg = Release|Any CPU
		{CA569B10-7B93-4A8F-BA53-1A39C1FF9FAF}.Release|Any CPU.Build.0 = Release|Any CPU
	EndGlobalSection
	GlobalSection(SolutionProperties) = preSolution
		HideSolutionNode = FALSE
	EndGlobalSection
	GlobalSection(NestedProjects) = preSolution
		{A78A8223-01D9-4EEF-BCF0-0F7AA01EFEEB} = {2A06A57C-85B9-4E8E-993A-390226056336}
		{5D7569A4-2CBA-4128-A5E8-04F4BB5BDAE8} = {2A06A57C-85B9-4E8E-993A-390226056336}
		{E9474FD1-720E-4CAB-ACAB-E9AAC3E364F4} = {5D7569A4-2CBA-4128-A5E8-04F4BB5BDAE8}
		{45072D26-9802-446B-B67E-8CFF847A10B8} = {A78A8223-01D9-4EEF-BCF0-0F7AA01EFEEB}
		{CC892F66-1C49-4BA9-9D7E-FCFE8AFAA9A4} = {45072D26-9802-446B-B67E-8CFF847A10B8}
		{90F8963C-C4A6-43DF-A12C-63458D3B2FAB} = {A78A8223-01D9-4EEF-BCF0-0F7AA01EFEEB}
		{088A6C1A-68D5-46F7-9B86-DF699B799E18} = {90F8963C-C4A6-43DF-A12C-63458D3B2FAB}
		{2A17C5CB-716D-466B-B7F9-16879E9F1496} = {A78A8223-01D9-4EEF-BCF0-0F7AA01EFEEB}
		{F964FDF2-2D5F-413F-8E0B-C232356B2284} = {2A17C5CB-716D-466B-B7F9-16879E9F1496}
		{11BA01C3-B643-4BEC-A21F-57947E3CAA3A} = {2A06A57C-85B9-4E8E-993A-390226056336}
		{D126A8B1-5680-4A46-AE05-79C37AD3D02A} = {11BA01C3-B643-4BEC-A21F-57947E3CAA3A}
		{3E626086-33F2-4214-8315-0F60AC8113CD} = {D126A8B1-5680-4A46-AE05-79C37AD3D02A}
		{CAB86A5E-4A3A-4E01-9135-210093F2926C} = {D126A8B1-5680-4A46-AE05-79C37AD3D02A}
		{CA569B10-7B93-4A8F-BA53-1A39C1FF9FAF} = {D126A8B1-5680-4A46-AE05-79C37AD3D02A}
	EndGlobalSection
	GlobalSection(ExtensibilityGlobals) = postSolution
		SolutionGuid = {E443BAFF-B49E-4D49-81B6-659A338B44DF}
	EndGlobalSection
EndGlobal
